
Microsoft Visual Studio Solution File, Format Version 12.00
# Visual Studio 15
VisualStudioVersion = 15.0.28010.2003
MinimumVisualStudioVersion = 10.0.40219.1
Project("{FAE04EC0-301F-11D3-BF4B-00C04F79EFBC}") = "Stack", "Stack\Stack.csproj", "{C812F68C-DF88-49C1-A788-E787BE3B7366}"
EndProject
Global
	GlobalSection(SolutionConfigurationPlatforms) = preSolution
		Debug|Any CPU = Debug|Any CPU
		Release|Any CPU = Release|Any CPU
	EndGlobalSection
	GlobalSection(ProjectConfigurationPlatforms) = postSolution
		{C812F68C-DF88-49C1-A788-E787BE3B7366}.Debug|Any CPU.ActiveCfg = Debug|Any CPU
		{C812F68C-DF88-49C1-A788-E787BE3B7366}.Debug|Any CPU.Build.0 = Debug|Any CPU
		{C812F68C-DF88-49C1-A788-E787BE3B7366}.Release|Any CPU.ActiveCfg = Release|Any CPU
		{C812F68C-DF88-49C1-A788-E787BE3B7366}.Release|Any CPU.Build.0 = Release|Any CPU
	EndGlobalSection
	GlobalSection(SolutionProperties) = preSolution
		HideSolutionNode = FALSE
	EndGlobalSection
	GlobalSection(ExtensibilityGlobals) = postSolution
		SolutionGuid = {16FB224E-609E-451A-8B53-C4D6EF4E849B}
	EndGlobalSection
EndGlobal
