
Microsoft Visual Studio Solution File, Format Version 12.00
# Visual Studio 15
VisualStudioVersion = 15.0.28010.2003
MinimumVisualStudioVersion = 10.0.40219.1
Project("{FAE04EC0-301F-11D3-BF4B-00C04F79EFBC}") = "Tic-Tac-Toe", "Tic-Tac-Toe\Tic-Tac-Toe.csproj", "{3815F90E-F713-4DF8-856B-4D32528425A4}"
EndProject
Global
	GlobalSection(SolutionConfigurationPlatforms) = preSolution
		Debug|Any CPU = Debug|Any CPU
		Release|Any CPU = Release|Any CPU
	EndGlobalSection
	GlobalSection(ProjectConfigurationPlatforms) = postSolution
		{3815F90E-F713-4DF8-856B-4D32528425A4}.Debug|Any CPU.ActiveCfg = Debug|Any CPU
		{3815F90E-F713-4DF8-856B-4D32528425A4}.Debug|Any CPU.Build.0 = Debug|Any CPU
		{3815F90E-F713-4DF8-856B-4D32528425A4}.Release|Any CPU.ActiveCfg = Release|Any CPU
		{3815F90E-F713-4DF8-856B-4D32528425A4}.Release|Any CPU.Build.0 = Release|Any CPU
	EndGlobalSection
	GlobalSection(SolutionProperties) = preSolution
		HideSolutionNode = FALSE
	EndGlobalSection
	GlobalSection(ExtensibilityGlobals) = postSolution
		SolutionGuid = {2CB7A2A7-5631-4551-8AFC-4BED73747F61}
	EndGlobalSection
EndGlobal
